PODS:
  - Gosu (0.13.3.1):
    - Gosu/Gosu (= 0.13.3.1)
  - Gosu/C (0.13.3.1)
  - Gosu/Gosu (0.13.3.1):
    - Gosu/C
  - GosuKit (0.0.1)

DEPENDENCIES:
  - Gosu (from `../Gosu`)
  - GosuKit (from `.`)

EXTERNAL SOURCES:
  Gosu:
    :path: "../Gosu"
  GosuKit:
    :path: "."

SPEC CHECKSUMS:
  Gosu: cea9fed485e6062014ff3bbad5986677f933ba98
  GosuKit: 2c7b0b44e2280b6527a6ad3856db6537ed22bcdd

PODFILE CHECKSUM: 227b744ca14f819e50c2afeb0a7f01dbae92334d

COCOAPODS: 1.5.3
