PODS:
  - Gosu/Gosu (0.10.6)
  - GosuKit (0.0.1)

DEPENDENCIES:
  - Gosu/Gosu (from `https://github.com/jlnr/gosu.git`)
  - GosuKit (from `.`)

EXTERNAL SOURCES:
  Gosu:
    :git: https://github.com/jlnr/gosu.git
  GosuKit:
    :path: "."

CHECKOUT OPTIONS:
  Gosu:
    :commit: d6afb8b1fe0670690cf3694666a467b61f977500
    :git: https://github.com/jlnr/gosu.git

SPEC CHECKSUMS:
  Gosu: 47a8efaf95c57a6bec6fa95366714075768f9371
  GosuKit: 53a208a4cf9f45a967c8d1946e4c40589d72c62d

COCOAPODS: 0.39.0
