// !$*UTF8*$!
{
	archiveVersion = 1;
	classes = {
	};
	objectVersion = 46;
	objects = {

/* Begin PBXBuildFile section */
		D430CFEC1B134A87004DC04F /* GosuKitTests.m in Sources */ = {isa = PBXBuildFile; fileRef = D430CFEB1B134A87004DC04F /* GosuKitTests.m */; };
		D430CFF61B1353B8004DC04F /* GosuTests.mm in Sources */ = {isa = PBXBuildFile; fileRef = D430CFF51B1353B8004DC04F /* GosuTests.mm */; };
		D430CFFB1B13B31A004DC04F /* test.png in Resources */ = {isa = PBXBuildFile; fileRef = D430CFFA1B13B31A004DC04F /* test.png */; };
		D4E56EA71B17AC63006F7572 /* beep.wav in Resources */ = {isa = PBXBuildFile; fileRef = D4E56EA41B17AC63006F7572 /* beep.wav */; };
		D4E56EA81B17AC63006F7572 /* jingle_bells.mp3 in Resources */ = {isa = PBXBuildFile; fileRef = D4E56EA51B17AC63006F7572 /* jingle_bells.mp3 */; };
		D4E56EA91B17AC63006F7572 /* jingle_bells.ogg in Resources */ = {isa = PBXBuildFile; fileRef = D4E56EA61B17AC63006F7572 /* jingle_bells.ogg */; };
		E8DCA3E063F175FB3CBCB161 /* libPods-GosuKitTests.a in Frameworks */ = {isa = PBXBuildFile; fileRef = 583349B866678DBB86BBC9DB /* libPods-GosuKitTests.a */; };
/* End PBXBuildFile section */

/* Begin PBXFileReference section */
		583349B866678DBB86BBC9DB /* libPods-GosuKitTests.a */ = {isa = PBXFileReference; explicitFileType = archive.ar; includeInIndex = 0; path = "libPods-GosuKitTests.a"; sourceTree = BUILT_PRODUCTS_DIR; };
		ADD7594858A08162AADB550F /* Pods-GosuKitTests.debug.xcconfig */ = {isa = PBXFileReference; includeInIndex = 1; lastKnownFileType = text.xcconfig; name = "Pods-GosuKitTests.debug.xcconfig"; path = "Pods/Target Support Files/Pods-GosuKitTests/Pods-GosuKitTests.debug.xcconfig"; sourceTree = "<group>"; };
		D430CFE51B134A87004DC04F /* GosuKitTests.xctest */ = {isa = PBXFileReference; explicitFileType = wrapper.cfbundle; includeInIndex = 0; path = GosuKitTests.xctest; sourceTree = BUILT_PRODUCTS_DIR; };
		D430CFEA1B134A87004DC04F /* Info.plist */ = {isa = PBXFileReference; lastKnownFileType = text.plist.xml; path = Info.plist; sourceTree = "<group>"; };
		D430CFEB1B134A87004DC04F /* GosuKitTests.m */ = {isa = PBXFileReference; lastKnownFileType = sourcecode.c.objc; path = GosuKitTests.m; sourceTree = "<group>"; };
		D430CFF51B1353B8004DC04F /* GosuTests.mm */ = {isa = PBXFileReference; fileEncoding = 4; lastKnownFileType = sourcecode.cpp.objcpp; path = GosuTests.mm; sourceTree = "<group>"; };
		D430CFFA1B13B31A004DC04F /* test.png */ = {isa = PBXFileReference; lastKnownFileType = image.png; path = test.png; sourceTree = "<group>"; };
		D4E56EA41B17AC63006F7572 /* beep.wav */ = {isa = PBXFileReference; lastKnownFileType = audio.wav; path = beep.wav; sourceTree = "<group>"; };
		D4E56EA51B17AC63006F7572 /* jingle_bells.mp3 */ = {isa = PBXFileReference; lastKnownFileType = audio.mp3; path = jingle_bells.mp3; sourceTree = "<group>"; };
		D4E56EA61B17AC63006F7572 /* jingle_bells.ogg */ = {isa = PBXFileReference; lastKnownFileType = file; path = jingle_bells.ogg; sourceTree = "<group>"; };
		F43FEDBFC2DAA6FCA9AF5138 /* Pods-GosuKitTests.release.xcconfig */ = {isa = PBXFileReference; includeInIndex = 1; lastKnownFileType = text.xcconfig; name = "Pods-GosuKitTests.release.xcconfig"; path = "Pods/Target Support Files/Pods-GosuKitTests/Pods-GosuKitTests.release.xcconfig"; sourceTree = "<group>"; };
/* End PBXFileReference section */

/* Begin PBXFrameworksBuildPhase section */
		D430CFE21B134A87004DC04F /* Frameworks */ = {
			isa = PBXFrameworksBuildPhase;
			buildActionMask = 2147483647;
			files = (
				E8DCA3E063F175FB3CBCB161 /* libPods-GosuKitTests.a in Frameworks */,
			);
			runOnlyForDeploymentPostprocessing = 0;
		};
/* End PBXFrameworksBuildPhase section */

/* Begin PBXGroup section */
		2634BCB3E843F0110FE048E2 /* Pods */ = {
			isa = PBXGroup;
			children = (
				ADD7594858A08162AADB550F /* Pods-GosuKitTests.debug.xcconfig */,
				F43FEDBFC2DAA6FCA9AF5138 /* Pods-GosuKitTests.release.xcconfig */,
			);
			name = Pods;
			sourceTree = "<group>";
		};
		2EC00EE7489A382628E8065D /* Frameworks */ = {
			isa = PBXGroup;
			children = (
				583349B866678DBB86BBC9DB /* libPods-GosuKitTests.a */,
			);
			name = Frameworks;
			sourceTree = "<group>";
		};
		D430CFC91B134A87004DC04F = {
			isa = PBXGroup;
			children = (
				D430CFE81B134A87004DC04F /* GosuKitTests */,
				D430CFD31B134A87004DC04F /* Products */,
				2634BCB3E843F0110FE048E2 /* Pods */,
				2EC00EE7489A382628E8065D /* Frameworks */,
			);
			sourceTree = "<group>";
		};
		D430CFD31B134A87004DC04F /* Products */ = {
			isa = PBXGroup;
			children = (
				D430CFE51B134A87004DC04F /* GosuKitTests.xctest */,
			);
			name = Products;
			sourceTree = "<group>";
		};
		D430CFE81B134A87004DC04F /* GosuKitTests */ = {
			isa = PBXGroup;
			children = (
				D430CFEB1B134A87004DC04F /* GosuKitTests.m */,
				D430CFF51B1353B8004DC04F /* GosuTests.mm */,
				D430CFE91B134A87004DC04F /* Supporting Files */,
			);
			path = GosuKitTests;
			sourceTree = "<group>";
		};
		D430CFE91B134A87004DC04F /* Supporting Files */ = {
			isa = PBXGroup;
			children = (
				D4E56EA41B17AC63006F7572 /* beep.wav */,
				D430CFEA1B134A87004DC04F /* Info.plist */,
				D4E56EA51B17AC63006F7572 /* jingle_bells.mp3 */,
				D4E56EA61B17AC63006F7572 /* jingle_bells.ogg */,
				D430CFFA1B13B31A004DC04F /* test.png */,
			);
			name = "Supporting Files";
			sourceTree = "<group>";
		};
/* End PBXGroup section */

/* Begin PBXNativeTarget section */
		D430CFE41B134A87004DC04F /* GosuKitTests */ = {
			isa = PBXNativeTarget;
			buildConfigurationList = D430CFF21B134A87004DC04F /* Build configuration list for PBXNativeTarget "GosuKitTests" */;
			buildPhases = (
				2223090933995941CD4F4AE5 /* [CP] Check Pods Manifest.lock */,
				D430CFE11B134A87004DC04F /* Sources */,
				D430CFE21B134A87004DC04F /* Frameworks */,
				D430CFE31B134A87004DC04F /* Resources */,
				BE2BF5681D840143C6A2722E /* [CP] Embed Pods Frameworks */,
				4C527771D1758CF1DF2986FD /* [CP] Copy Pods Resources */,
			);
			buildRules = (
			);
			dependencies = (
			);
			name = GosuKitTests;
			productName = GosuKitTests;
			productReference = D430CFE51B134A87004DC04F /* GosuKitTests.xctest */;
			productType = "com.apple.product-type.bundle.unit-test";
		};
/* End PBXNativeTarget section */

/* Begin PBXProject section */
		D430CFCA1B134A87004DC04F /* Project object */ = {
			isa = PBXProject;
			attributes = {
				LastUpgradeCheck = 0820;
				ORGANIZATIONNAME = "Gosu Contributors";
				TargetAttributes = {
					D430CFE41B134A87004DC04F = {
						CreatedOnToolsVersion = 6.3.2;
						TestTargetID = D430CFD11B134A87004DC04F;
					};
				};
			};
			buildConfigurationList = D430CFCD1B134A87004DC04F /* Build configuration list for PBXProject "GosuKitTests" */;
			compatibilityVersion = "Xcode 3.2";
			developmentRegion = English;
			hasScannedForEncodings = 0;
			knownRegions = (
				en,
				Base,
			);
			mainGroup = D430CFC91B134A87004DC04F;
			productRefGroup = D430CFD31B134A87004DC04F /* Products */;
			projectDirPath = "";
			projectRoot = "";
			targets = (
				D430CFE41B134A87004DC04F /* GosuKitTests */,
			);
		};
/* End PBXProject section */

/* Begin PBXResourcesBuildPhase section */
		D430CFE31B134A87004DC04F /* Resources */ = {
			isa = PBXResourcesBuildPhase;
			buildActionMask = 2147483647;
			files = (
				D4E56EA71B17AC63006F7572 /* beep.wav in Resources */,
				D4E56EA91B17AC63006F7572 /* jingle_bells.ogg in Resources */,
				D430CFFB1B13B31A004DC04F /* test.png in Resources */,
				D4E56EA81B17AC63006F7572 /* jingle_bells.mp3 in Resources */,
			);
			runOnlyForDeploymentPostprocessing = 0;
		};
/* End PBXResourcesBuildPhase section */

/* Begin PBXShellScriptBuildPhase section */
		2223090933995941CD4F4AE5 /* [CP] Check Pods Manifest.lock */ = {
			isa = PBXShellScriptBuildPhase;
			buildActionMask = 2147483647;
			files = (
			);
			inputPaths = (
			);
			name = "[CP] Check Pods Manifest.lock";
			outputPaths = (
			);
			runOnlyForDeploymentPostprocessing = 0;
			shellPath = /bin/sh;
			shellScript = "diff \"${PODS_ROOT}/../Podfile.lock\" \"${PODS_ROOT}/Manifest.lock\" > /dev/null\nif [[ $? != 0 ]] ; then\n    cat << EOM\nerror: The sandbox is not in sync with the Podfile.lock. Run 'pod install' or update your CocoaPods installation.\nEOM\n    exit 1\nfi\n";
			showEnvVarsInLog = 0;
		};
		4C527771D1758CF1DF2986FD /* [CP] Copy Pods Resources */ = {
			isa = PBXShellScriptBuildPhase;
			buildActionMask = 2147483647;
			files = (
			);
			inputPaths = (
			);
			name = "[CP] Copy Pods Resources";
			outputPaths = (
			);
			runOnlyForDeploymentPostprocessing = 0;
			shellPath = /bin/sh;
			shellScript = "\"${SRCROOT}/Pods/Target Support Files/Pods-GosuKitTests/Pods-GosuKitTests-resources.sh\"\n";
			showEnvVarsInLog = 0;
		};
		BE2BF5681D840143C6A2722E /* [CP] Embed Pods Frameworks */ = {
			isa = PBXShellScriptBuildPhase;
			buildActionMask = 2147483647;
			files = (
			);
			inputPaths = (
			);
			name = "[CP] Embed Pods Frameworks";
			outputPaths = (
			);
			runOnlyForDeploymentPostprocessing = 0;
			shellPath = /bin/sh;
			shellScript = "\"${SRCROOT}/Pods/Target Support Files/Pods-GosuKitTests/Pods-GosuKitTests-frameworks.sh\"\n";
			showEnvVarsInLog = 0;
		};
/* End PBXShellScriptBuildPhase section */

/* Begin PBXSourcesBuildPhase section */
		D430CFE11B134A87004DC04F /* Sources */ = {
			isa = PBXSourcesBuildPhase;
			buildActionMask = 2147483647;
			files = (
				D430CFEC1B134A87004DC04F /* GosuKitTests.m in Sources */,
				D430CFF61B1353B8004DC04F /* GosuTests.mm in Sources */,
			);
			runOnlyForDeploymentPostprocessing = 0;
		};
/* End PBXSourcesBuildPhase section */

/* Begin XCBuildConfiguration section */
		D430CFED1B134A87004DC04F /* Debug */ = {
			isa = XCBuildConfiguration;
			buildSettings = {
				ALWAYS_SEARCH_USER_PATHS = NO;
				CLANG_CXX_LANGUAGE_STANDARD = "gnu++0x";
				CLANG_CXX_LIBRARY = "libc++";
				CLANG_ENABLE_MODULES = YES;
				CLANG_ENABLE_OBJC_ARC = YES;
				CLANG_WARN_BOOL_CONVERSION = YES;
				CLANG_WARN_CONSTANT_CONVERSION = YES;
				CLANG_WARN_DIRECT_OBJC_ISA_USAGE = YES_ERROR;
				CLANG_WARN_EMPTY_BODY = YES;
				CLANG_WARN_ENUM_CONVERSION = YES;
				CLANG_WARN_INFINITE_RECURSION = YES;
				CLANG_WARN_INT_CONVERSION = YES;
				CLANG_WARN_OBJC_ROOT_CLASS = YES_ERROR;
				CLANG_WARN_SUSPICIOUS_MOVE = YES;
				CLANG_WARN_UNREACHABLE_CODE = YES;
				CLANG_WARN__DUPLICATE_METHOD_MATCH = YES;
				CODE_SIGN_IDENTITY = "-";
				COPY_PHASE_STRIP = NO;
				DEBUG_INFORMATION_FORMAT = dwarf;
				ENABLE_STRICT_OBJC_MSGSEND = YES;
				ENABLE_TESTABILITY = YES;
				GCC_C_LANGUAGE_STANDARD = gnu99;
				GCC_DYNAMIC_NO_PIC = NO;
				GCC_NO_COMMON_BLOCKS = YES;
				GCC_OPTIMIZATION_LEVEL = 0;
				GCC_PREPROCESSOR_DEFINITIONS = (
					"DEBUG=1",
					"$(inherited)",
				);
				GCC_SYMBOLS_PRIVATE_EXTERN = NO;
				GCC_WARN_64_TO_32_BIT_CONVERSION = YES;
				GCC_WARN_ABOUT_RETURN_TYPE = YES_ERROR;
				GCC_WARN_UNDECLARED_SELECTOR = YES;
				GCC_WARN_UNINITIALIZED_AUTOS = YES_AGGRESSIVE;
				GCC_WARN_UNUSED_FUNCTION = YES;
				GCC_WARN_UNUSED_VARIABLE = YES;
				MACOSX_DEPLOYMENT_TARGET = 10.7;
				MTL_ENABLE_DEBUG_INFO = YES;
				ONLY_ACTIVE_ARCH = YES;
				SDKROOT = macosx;
			};
			name = Debug;
		};
		D430CFEE1B134A87004DC04F /* Release */ = {
			isa = XCBuildConfiguration;
			buildSettings = {
				ALWAYS_SEARCH_USER_PATHS = NO;
				CLANG_CXX_LANGUAGE_STANDARD = "gnu++0x";
				CLANG_CXX_LIBRARY = "libc++";
				CLANG_ENABLE_MODULES = YES;
				CLANG_ENABLE_OBJC_ARC = YES;
				CLANG_WARN_BOOL_CONVERSION = YES;
				CLANG_WARN_CONSTANT_CONVERSION = YES;
				CLANG_WARN_DIRECT_OBJC_ISA_USAGE = YES_ERROR;
				CLANG_WARN_EMPTY_BODY = YES;
				CLANG_WARN_ENUM_CONVERSION = YES;
				CLANG_WARN_INFINITE_RECURSION = YES;
				CLANG_WARN_INT_CONVERSION = YES;
				CLANG_WARN_OBJC_ROOT_CLASS = YES_ERROR;
				CLANG_WARN_SUSPICIOUS_MOVE = YES;
				CLANG_WARN_UNREACHABLE_CODE = YES;
				CLANG_WARN__DUPLICATE_METHOD_MATCH = YES;
				CODE_SIGN_IDENTITY = "-";
				COPY_PHASE_STRIP = NO;
				DEBUG_INFORMATION_FORMAT = "dwarf-with-dsym";
				ENABLE_NS_ASSERTIONS = NO;
				ENABLE_STRICT_OBJC_MSGSEND = YES;
				GCC_C_LANGUAGE_STANDARD = gnu99;
				GCC_NO_COMMON_BLOCKS = YES;
				GCC_WARN_64_TO_32_BIT_CONVERSION = YES;
				GCC_WARN_ABOUT_RETURN_TYPE = YES_ERROR;
				GCC_WARN_UNDECLARED_SELECTOR = YES;
				GCC_WARN_UNINITIALIZED_AUTOS = YES_AGGRESSIVE;
				GCC_WARN_UNUSED_FUNCTION = YES;
				GCC_WARN_UNUSED_VARIABLE = YES;
				MACOSX_DEPLOYMENT_TARGET = 10.7;
				MTL_ENABLE_DEBUG_INFO = NO;
				SDKROOT = macosx;
			};
			name = Release;
		};
		D430CFF31B134A87004DC04F /* Debug */ = {
			isa = XCBuildConfiguration;
			baseConfigurationReference = ADD7594858A08162AADB550F /* Pods-GosuKitTests.debug.xcconfig */;
			buildSettings = {
				BUNDLE_LOADER = "$(TEST_HOST)";
				COMBINE_HIDPI_IMAGES = YES;
				FRAMEWORK_SEARCH_PATHS = (
					"$(DEVELOPER_FRAMEWORKS_DIR)",
					"$(inherited)",
				);
				INFOPLIST_FILE = GosuKitTests/Info.plist;
				PRODUCT_BUNDLE_IDENTIFIER = "org.libgosu.$(PRODUCT_NAME:rfc1034identifier)";
				PRODUCT_NAME = "$(TARGET_NAME)";
			};
			name = Debug;
		};
		D430CFF41B134A87004DC04F /* Release */ = {
			isa = XCBuildConfiguration;
			baseConfigurationReference = F43FEDBFC2DAA6FCA9AF5138 /* Pods-GosuKitTests.release.xcconfig */;
			buildSettings = {
				BUNDLE_LOADER = "$(TEST_HOST)";
				COMBINE_HIDPI_IMAGES = YES;
				FRAMEWORK_SEARCH_PATHS = (
					"$(DEVELOPER_FRAMEWORKS_DIR)",
					"$(inherited)",
				);
				INFOPLIST_FILE = GosuKitTests/Info.plist;
				PRODUCT_BUNDLE_IDENTIFIER = "org.libgosu.$(PRODUCT_NAME:rfc1034identifier)";
				PRODUCT_NAME = "$(TARGET_NAME)";
			};
			name = Release;
		};
/* End XCBuildConfiguration section */

/* Begin XCConfigurationList section */
		D430CFCD1B134A87004DC04F /* Build configuration list for PBXProject "GosuKitTests" */ = {
			isa = XCConfigurationList;
			buildConfigurations = (
				D430CFED1B134A87004DC04F /* Debug */,
				D430CFEE1B134A87004DC04F /* Release */,
			);
			defaultConfigurationIsVisible = 0;
			defaultConfigurationName = Release;
		};
		D430CFF21B134A87004DC04F /* Build configuration list for PBXNativeTarget "GosuKitTests" */ = {
			isa = XCConfigurationList;
			buildConfigurations = (
				D430CFF31B134A87004DC04F /* Debug */,
				D430CFF41B134A87004DC04F /* Release */,
			);
			defaultConfigurationIsVisible = 0;
			defaultConfigurationName = Release;
		};
/* End XCConfigurationList section */
	};
	rootObject = D430CFCA1B134A87004DC04F /* Project object */;
}
